// !$*UTF8*$!
{
	archiveVersion = 1;
	classes = {
	};
	objectVersion = 56;
	objects = {

/* Begin PBXBuildFile section */
		51CD0F6929C22701000DB960 /* SwiftUICombineAndDataApp.swift in Sources */ = {isa = PBXBuildFile; fileRef = 51CD0F6829C22701000DB960 /* SwiftUICombineAndDataApp.swift */; };
		51CD0F6B29C22701000DB960 /* ContentView.swift in Sources */ = {isa = PBXBuildFile; fileRef = 51CD0F6A29C22701000DB960 /* ContentView.swift */; };
		51CD0F6D29C22703000DB960 /* Assets.xcassets in Resources */ = {isa = PBXBuildFile; fileRef = 51CD0F6C29C22703000DB960 /* Assets.xcassets */; };
		51CD0F7029C22703000DB960 /* Preview Assets.xcassets in Resources */ = {isa = PBXBuildFile; fileRef = 51CD0F6F29C22703000DB960 /* Preview Assets.xcassets */; };
		51CD0F7A29C22703000DB960 /* SwiftUICombineAndDataTests.swift in Sources */ = {isa = PBXBuildFile; fileRef = 51CD0F7929C22703000DB960 /* SwiftUICombineAndDataTests.swift */; };
		51CD0F8429C22703000DB960 /* SwiftUICombineAndDataUITests.swift in Sources */ = {isa = PBXBuildFile; fileRef = 51CD0F8329C22703000DB960 /* SwiftUICombineAndDataUITests.swift */; };
		51CD0F8629C22703000DB960 /* SwiftUICombineAndDataUITestsLaunchTests.swift in Sources */ = {isa = PBXBuildFile; fileRef = 51CD0F8529C22703000DB960 /* SwiftUICombineAndDataUITestsLaunchTests.swift */; };
		51CD0F9429C228DE000DB960 /* AccountBackground.swift in Sources */ = {isa = PBXBuildFile; fileRef = 51CD0F9229C228DE000DB960 /* AccountBackground.swift */; };
		51CD0F9529C228DE000DB960 /* VisualEffectBlur.swift in Sources */ = {isa = PBXBuildFile; fileRef = 51CD0F9329C228DE000DB960 /* VisualEffectBlur.swift */; };
		51CD0F9D29C22AE1000DB960 /* TrackableScrollView.swift in Sources */ = {isa = PBXBuildFile; fileRef = 51CD0F9C29C22AE1000DB960 /* TrackableScrollView.swift */; };
		51CD0F9F29C34595000DB960 /* MenuRow.swift in Sources */ = {isa = PBXBuildFile; fileRef = 51CD0F9E29C34595000DB960 /* MenuRow.swift */; };
		51CD0FA129C346F6000DB960 /* GradientIcon.swift in Sources */ = {isa = PBXBuildFile; fileRef = 51CD0FA029C346F6000DB960 /* GradientIcon.swift */; };
		51CD0FA329C34D0C000DB960 /* PackagesView.swift in Sources */ = {isa = PBXBuildFile; fileRef = 51CD0FA229C34D0C000DB960 /* PackagesView.swift */; };
		51CD0FA629C34D2E000DB960 /* FAQView.swift in Sources */ = {isa = PBXBuildFile; fileRef = 51CD0FA529C34D2E000DB960 /* FAQView.swift */; };
		51CD0FAD29C35198000DB960 /* Package.swift in Sources */ = {isa = PBXBuildFile; fileRef = 51CD0FAC29C35197000DB960 /* Package.swift */; };
		51CD0FAF29C35240000DB960 /* PackageRow.swift in Sources */ = {isa = PBXBuildFile; fileRef = 51CD0FAE29C35240000DB960 /* PackageRow.swift */; };
		51CD0FB129C355FA000DB960 /* FAQ.swift in Sources */ = {isa = PBXBuildFile; fileRef = 51CD0FB029C355FA000DB960 /* FAQ.swift */; };
		51CD0FB429C35658000DB960 /* faqData.json in Resources */ = {isa = PBXBuildFile; fileRef = 51CD0FB329C35658000DB960 /* faqData.json */; };
		51CD0FB629C357BB000DB960 /* ModelData.swift in Sources */ = {isa = PBXBuildFile; fileRef = 51CD0FB529C357BB000DB960 /* ModelData.swift */; };
		51CD0FB829C39F47000DB960 /* FAQRow.swift in Sources */ = {isa = PBXBuildFile; fileRef = 51CD0FB729C39F47000DB960 /* FAQRow.swift */; };
/* End PBXBuildFile section */

/* Begin PBXContainerItemProxy section */
		51CD0F7629C22703000DB960 /* PBXContainerItemProxy */ = {
			isa = PBXContainerItemProxy;
			containerPortal = 51CD0F5D29C22701000DB960 /* Project object */;
			proxyType = 1;
			remoteGlobalIDString = 51CD0F6429C22701000DB960;
			remoteInfo = SwiftUICombineAndData;
		};
		51CD0F8029C22703000DB960 /* PBXContainerItemProxy */ = {
			isa = PBXContainerItemProxy;
			containerPortal = 51CD0F5D29C22701000DB960 /* Project object */;
			proxyType = 1;
			remoteGlobalIDString = 51CD0F6429C22701000DB960;
			remoteInfo = SwiftUICombineAndData;
		};
/* End PBXContainerItemProxy section */

/* Begin PBXFileReference section */
		51CD0F6529C22701000DB960 /* SwiftUICombineAndData.app */ = {isa = PBXFileReference; explicitFileType = wrapper.application; includeInIndex = 0; path = SwiftUICombineAndData.app; sourceTree = BUILT_PRODUCTS_DIR; };
		51CD0F6829C22701000DB960 /* SwiftUICombineAndDataApp.swift */ = {isa = PBXFileReference; lastKnownFileType = sourcecode.swift; path = SwiftUICombineAndDataApp.swift; sourceTree = "<group>"; };
		51CD0F6A29C22701000DB960 /* ContentView.swift */ = {isa = PBXFileReference; lastKnownFileType = sourcecode.swift; path = ContentView.swift; sourceTree = "<group>"; };
		51CD0F6C29C22703000DB960 /* Assets.xcassets */ = {isa = PBXFileReference; lastKnownFileType = folder.assetcatalog; path = Assets.xcassets; sourceTree = "<group>"; };
		51CD0F6F29C22703000DB960 /* Preview Assets.xcassets */ = {isa = PBXFileReference; lastKnownFileType = folder.assetcatalog; path = "Preview Assets.xcassets"; sourceTree = "<group>"; };
		51CD0F7529C22703000DB960 /* SwiftUICombineAndDataTests.xctest */ = {isa = PBXFileReference; explicitFileType = wrapper.cfbundle; includeInIndex = 0; path = SwiftUICombineAndDataTests.xctest; sourceTree = BUILT_PRODUCTS_DIR; };
		51CD0F7929C22703000DB960 /* SwiftUICombineAndDataTests.swift */ = {isa = PBXFileReference; lastKnownFileType = sourcecode.swift; path = SwiftUICombineAndDataTests.swift; sourceTree = "<group>"; };
		51CD0F7F29C22703000DB960 /* SwiftUICombineAndDataUITests.xctest */ = {isa = PBXFileReference; explicitFileType = wrapper.cfbundle; includeInIndex = 0; path = SwiftUICombineAndDataUITests.xctest; sourceTree = BUILT_PRODUCTS_DIR; };
		51CD0F8329C22703000DB960 /* SwiftUICombineAndDataUITests.swift */ = {isa = PBXFileReference; lastKnownFileType = sourcecode.swift; path = SwiftUICombineAndDataUITests.swift; sourceTree = "<group>"; };
		51CD0F8529C22703000DB960 /* SwiftUICombineAndDataUITestsLaunchTests.swift */ = {isa = PBXFileReference; lastKnownFileType = sourcecode.swift; path = SwiftUICombineAndDataUITestsLaunchTests.swift; sourceTree = "<group>"; };
		51CD0F9229C228DE000DB960 /* AccountBackground.swift */ = {isa = PBXFileReference; fileEncoding = 4; lastKnownFileType = sourcecode.swift; path = AccountBackground.swift; sourceTree = "<group>"; };
		51CD0F9329C228DE000DB960 /* VisualEffectBlur.swift */ = {isa = PBXFileReference; fileEncoding = 4; lastKnownFileType = sourcecode.swift; path = VisualEffectBlur.swift; sourceTree = "<group>"; };
		51CD0F9C29C22AE1000DB960 /* TrackableScrollView.swift */ = {isa = PBXFileReference; lastKnownFileType = sourcecode.swift; path = TrackableScrollView.swift; sourceTree = "<group>"; };
		51CD0F9E29C34595000DB960 /* MenuRow.swift */ = {isa = PBXFileReference; lastKnownFileType = sourcecode.swift; path = MenuRow.swift; sourceTree = "<group>"; };
		51CD0FA029C346F6000DB960 /* GradientIcon.swift */ = {isa = PBXFileReference; lastKnownFileType = sourcecode.swift; path = GradientIcon.swift; sourceTree = "<group>"; };
		51CD0FA229C34D0C000DB960 /* PackagesView.swift */ = {isa = PBXFileReference; lastKnownFileType = sourcecode.swift; path = PackagesView.swift; sourceTree = "<group>"; };
		51CD0FA529C34D2E000DB960 /* FAQView.swift */ = {isa = PBXFileReference; lastKnownFileType = sourcecode.swift; path = FAQView.swift; sourceTree = "<group>"; };
		51CD0FAC29C35197000DB960 /* Package.swift */ = {isa = PBXFileReference; lastKnownFileType = sourcecode.swift; path = Package.swift; sourceTree = "<group>"; };
		51CD0FAE29C35240000DB960 /* PackageRow.swift */ = {isa = PBXFileReference; lastKnownFileType = sourcecode.swift; path = PackageRow.swift; sourceTree = "<group>"; };
		51CD0FB029C355FA000DB960 /* FAQ.swift */ = {isa = PBXFileReference; lastKnownFileType = sourcecode.swift; path = FAQ.swift; sourceTree = "<group>"; };
		51CD0FB329C35658000DB960 /* faqData.json */ = {isa = PBXFileReference; lastKnownFileType = text.json; path = faqData.json; sourceTree = "<group>"; };
		51CD0FB529C357BB000DB960 /* ModelData.swift */ = {isa = PBXFileReference; lastKnownFileType = sourcecode.swift; path = ModelData.swift; sourceTree = "<group>"; };
		51CD0FB729C39F47000DB960 /* FAQRow.swift */ = {isa = PBXFileReference; lastKnownFileType = sourcecode.swift; path = FAQRow.swift; sourceTree = "<group>"; };
/* End PBXFileReference section */

/* Begin PBXFrameworksBuildPhase section */
		51CD0F6229C22701000DB960 /* Frameworks */ = {
			isa = PBXFrameworksBuildPhase;
			buildActionMask = 2147483647;
			files = (
			);
			runOnlyForDeploymentPostprocessing = 0;
		};
		51CD0F7229C22703000DB960 /* Frameworks */ = {
			isa = PBXFrameworksBuildPhase;
			buildActionMask = 2147483647;
			files = (
			);
			runOnlyForDeploymentPostprocessing = 0;
		};
		51CD0F7C29C22703000DB960 /* Frameworks */ = {
			isa = PBXFrameworksBuildPhase;
			buildActionMask = 2147483647;
			files = (
			);
			runOnlyForDeploymentPostprocessing = 0;
		};
/* End PBXFrameworksBuildPhase section */

/* Begin PBXGroup section */
		51CD0F5C29C22701000DB960 = {
			isa = PBXGroup;
			children = (
				51CD0F6729C22701000DB960 /* SwiftUICombineAndData */,
				51CD0F7829C22703000DB960 /* SwiftUICombineAndDataTests */,
				51CD0F8229C22703000DB960 /* SwiftUICombineAndDataUITests */,
				51CD0F6629C22701000DB960 /* Products */,
			);
			sourceTree = "<group>";
		};
		51CD0F6629C22701000DB960 /* Products */ = {
			isa = PBXGroup;
			children = (
				51CD0F6529C22701000DB960 /* SwiftUICombineAndData.app */,
				51CD0F7529C22703000DB960 /* SwiftUICombineAndDataTests.xctest */,
				51CD0F7F29C22703000DB960 /* SwiftUICombineAndDataUITests.xctest */,
			);
			name = Products;
			sourceTree = "<group>";
		};
		51CD0F6729C22701000DB960 /* SwiftUICombineAndData */ = {
			isa = PBXGroup;
			children = (
				51CD0FB229C3563E000DB960 /* Resources */,
				51CD0FAB29C35189000DB960 /* Models */,
				51CD0FAA29C34D4E000DB960 /* Components */,
				51CD0FA929C34D49000DB960 /* Utils */,
				51CD0FA429C34D19000DB960 /* Views */,
				51CD0F9629C228E1000DB960 /* Graphics */,
				51CD0F6829C22701000DB960 /* SwiftUICombineAndDataApp.swift */,
				51CD0F6A29C22701000DB960 /* ContentView.swift */,
				51CD0F6C29C22703000DB960 /* Assets.xcassets */,
				51CD0F6E29C22703000DB960 /* Preview Content */,
			);
			path = SwiftUICombineAndData;
			sourceTree = "<group>";
		};
		51CD0F6E29C22703000DB960 /* Preview Content */ = {
			isa = PBXGroup;
			children = (
				51CD0F6F29C22703000DB960 /* Preview Assets.xcassets */,
			);
			path = "Preview Content";
			sourceTree = "<group>";
		};
		51CD0F7829C22703000DB960 /* SwiftUICombineAndDataTests */ = {
			isa = PBXGroup;
			children = (
				51CD0F7929C22703000DB960 /* SwiftUICombineAndDataTests.swift */,
			);
			path = SwiftUICombineAndDataTests;
			sourceTree = "<group>";
		};
		51CD0F8229C22703000DB960 /* SwiftUICombineAndDataUITests */ = {
			isa = PBXGroup;
			children = (
				51CD0F8329C22703000DB960 /* SwiftUICombineAndDataUITests.swift */,
				51CD0F8529C22703000DB960 /* SwiftUICombineAndDataUITestsLaunchTests.swift */,
			);
			path = SwiftUICombineAndDataUITests;
			sourceTree = "<group>";
		};
		51CD0F9629C228E1000DB960 /* Graphics */ = {
			isa = PBXGroup;
			children = (
				51CD0F9229C228DE000DB960 /* AccountBackground.swift */,
				51CD0F9329C228DE000DB960 /* VisualEffectBlur.swift */,
			);
			path = Graphics;
			sourceTree = "<group>";
		};
		51CD0FA429C34D19000DB960 /* Views */ = {
			isa = PBXGroup;
			children = (
				51CD0FA229C34D0C000DB960 /* PackagesView.swift */,
				51CD0FA529C34D2E000DB960 /* FAQView.swift */,
			);
			path = Views;
			sourceTree = "<group>";
		};
		51CD0FA729C34D3B000DB960 /* Rows */ = {
			isa = PBXGroup;
			children = (
				51CD0F9E29C34595000DB960 /* MenuRow.swift */,
				51CD0FAE29C35240000DB960 /* PackageRow.swift */,
				51CD0FB729C39F47000DB960 /* FAQRow.swift */,
			);
			path = Rows;
			sourceTree = "<group>";
		};
		51CD0FA829C34D43000DB960 /* Other */ = {
			isa = PBXGroup;
			children = (
				51CD0FA029C346F6000DB960 /* GradientIcon.swift */,
			);
			path = Other;
			sourceTree = "<group>";
		};
		51CD0FA929C34D49000DB960 /* Utils */ = {
			isa = PBXGroup;
			children = (
				51CD0F9C29C22AE1000DB960 /* TrackableScrollView.swift */,
				51CD0FB529C357BB000DB960 /* ModelData.swift */,
			);
			path = Utils;
			sourceTree = "<group>";
		};
		51CD0FAA29C34D4E000DB960 /* Components */ = {
			isa = PBXGroup;
			children = (
				51CD0FA829C34D43000DB960 /* Other */,
				51CD0FA729C34D3B000DB960 /* Rows */,
			);
			path = Components;
			sourceTree = "<group>";
		};
		51CD0FAB29C35189000DB960 /* Models */ = {
			isa = PBXGroup;
			children = (
				51CD0FAC29C35197000DB960 /* Package.swift */,
				51CD0FB029C355FA000DB960 /* FAQ.swift */,
			);
			path = Models;
			sourceTree = "<group>";
		};
		51CD0FB229C3563E000DB960 /* Resources */ = {
			isa = PBXGroup;
			children = (
				51CD0FB329C35658000DB960 /* faqData.json */,
			);
			path = Resources;
			sourceTree = "<group>";
		};
/* End PBXGroup section */

/* Begin PBXNativeTarget section */
		51CD0F6429C22701000DB960 /* SwiftUICombineAndData */ = {
			isa = PBXNativeTarget;
			buildConfigurationList = 51CD0F8929C22703000DB960 /* Build configuration list for PBXNativeTarget "SwiftUICombineAndData" */;
			buildPhases = (
				51CD0F6129C22701000DB960 /* Sources */,
				51CD0F6229C22701000DB960 /* Frameworks */,
				51CD0F6329C22701000DB960 /* Resources */,
			);
			buildRules = (
			);
			dependencies = (
			);
			name = SwiftUICombineAndData;
			productName = SwiftUICombineAndData;
			productReference = 51CD0F6529C22701000DB960 /* SwiftUICombineAndData.app */;
			productType = "com.apple.product-type.application";
		};
		51CD0F7429C22703000DB960 /* SwiftUICombineAndDataTests */ = {
			isa = PBXNativeTarget;
			buildConfigurationList = 51CD0F8C29C22703000DB960 /* Build configuration list for PBXNativeTarget "SwiftUICombineAndDataTests" */;
			buildPhases = (
				51CD0F7129C22703000DB960 /* Sources */,
				51CD0F7229C22703000DB960 /* Frameworks */,
				51CD0F7329C22703000DB960 /* Resources */,
			);
			buildRules = (
			);
			dependencies = (
				51CD0F7729C22703000DB960 /* PBXTargetDependency */,
			);
			name = SwiftUICombineAndDataTests;
			productName = SwiftUICombineAndDataTests;
			productReference = 51CD0F7529C22703000DB960 /* SwiftUICombineAndDataTests.xctest */;
			productType = "com.apple.product-type.bundle.unit-test";
		};
		51CD0F7E29C22703000DB960 /* SwiftUICombineAndDataUITests */ = {
			isa = PBXNativeTarget;
			buildConfigurationList = 51CD0F8F29C22703000DB960 /* Build configuration list for PBXNativeTarget "SwiftUICombineAndDataUITests" */;
			buildPhases = (
				51CD0F7B29C22703000DB960 /* Sources */,
				51CD0F7C29C22703000DB960 /* Frameworks */,
				51CD0F7D29C22703000DB960 /* Resources */,
			);
			buildRules = (
			);
			dependencies = (
				51CD0F8129C22703000DB960 /* PBXTargetDependency */,
			);
			name = SwiftUICombineAndDataUITests;
			productName = SwiftUICombineAndDataUITests;
			productReference = 51CD0F7F29C22703000DB960 /* SwiftUICombineAndDataUITests.xctest */;
			productType = "com.apple.product-type.bundle.ui-testing";
		};
/* End PBXNativeTarget section */

/* Begin PBXProject section */
		51CD0F5D29C22701000DB960 /* Project object */ = {
			isa = PBXProject;
			attributes = {
				BuildIndependentTargetsInParallel = 1;
				LastSwiftUpdateCheck = 1420;
				LastUpgradeCheck = 1420;
				TargetAttributes = {
					51CD0F6429C22701000DB960 = {
						CreatedOnToolsVersion = 14.2;
					};
					51CD0F7429C22703000DB960 = {
						CreatedOnToolsVersion = 14.2;
						TestTargetID = 51CD0F6429C22701000DB960;
					};
					51CD0F7E29C22703000DB960 = {
						CreatedOnToolsVersion = 14.2;
						TestTargetID = 51CD0F6429C22701000DB960;
					};
				};
			};
			buildConfigurationList = 51CD0F6029C22701000DB960 /* Build configuration list for PBXProject "SwiftUICombineAndData" */;
			compatibilityVersion = "Xcode 14.0";
			developmentRegion = en;
			hasScannedForEncodings = 0;
			knownRegions = (
				en,
				Base,
			);
			mainGroup = 51CD0F5C29C22701000DB960;
			productRefGroup = 51CD0F6629C22701000DB960 /* Products */;
			projectDirPath = "";
			projectRoot = "";
			targets = (
				51CD0F6429C22701000DB960 /* SwiftUICombineAndData */,
				51CD0F7429C22703000DB960 /* SwiftUICombineAndDataTests */,
				51CD0F7E29C22703000DB960 /* SwiftUICombineAndDataUITests */,
			);
		};
/* End PBXProject section */

/* Begin PBXResourcesBuildPhase section */
		51CD0F6329C22701000DB960 /* Resources */ = {
			isa = PBXResourcesBuildPhase;
			buildActionMask = 2147483647;
			files = (
				51CD0F7029C22703000DB960 /* Preview Assets.xcassets in Resources */,
				51CD0F6D29C22703000DB960 /* Assets.xcassets in Resources */,
				51CD0FB429C35658000DB960 /* faqData.json in Resources */,
			);
			runOnlyForDeploymentPostprocessing = 0;
		};
		51CD0F7329C22703000DB960 /* Resources */ = {
			isa = PBXResourcesBuildPhase;
			buildActionMask = 2147483647;
			files = (
			);
			runOnlyForDeploymentPostprocessing = 0;
		};
		51CD0F7D29C22703000DB960 /* Resources */ = {
			isa = PBXResourcesBuildPhase;
			buildActionMask = 2147483647;
			files = (
			);
			runOnlyForDeploymentPostprocessing = 0;
		};
/* End PBXResourcesBuildPhase section */

/* Begin PBXSourcesBuildPhase section */
		51CD0F6129C22701000DB960 /* Sources */ = {
			isa = PBXSourcesBuildPhase;
			buildActionMask = 2147483647;
			files = (
				51CD0F6B29C22701000DB960 /* ContentView.swift in Sources */,
				51CD0FB829C39F47000DB960 /* FAQRow.swift in Sources */,
				51CD0F9D29C22AE1000DB960 /* TrackableScrollView.swift in Sources */,
				51CD0F9429C228DE000DB960 /* AccountBackground.swift in Sources */,
				51CD0FB629C357BB000DB960 /* ModelData.swift in Sources */,
				51CD0FAF29C35240000DB960 /* PackageRow.swift in Sources */,
				51CD0FA129C346F6000DB960 /* GradientIcon.swift in Sources */,
				51CD0FA629C34D2E000DB960 /* FAQView.swift in Sources */,
				51CD0F6929C22701000DB960 /* SwiftUICombineAndDataApp.swift in Sources */,
				51CD0FAD29C35198000DB960 /* Package.swift in Sources */,
				51CD0FB129C355FA000DB960 /* FAQ.swift in Sources */,
				51CD0F9529C228DE000DB960 /* VisualEffectBlur.swift in Sources */,
				51CD0F9F29C34595000DB960 /* MenuRow.swift in Sources */,
				51CD0FA329C34D0C000DB960 /* PackagesView.swift in Sources */,
			);
			runOnlyForDeploymentPostprocessing = 0;
		};
		51CD0F7129C22703000DB960 /* Sources */ = {
			isa = PBXSourcesBuildPhase;
			buildActionMask = 2147483647;
			files = (
				51CD0F7A29C22703000DB960 /* SwiftUICombineAndDataTests.swift in Sources */,
			);
			runOnlyForDeploymentPostprocessing = 0;
		};
		51CD0F7B29C22703000DB960 /* Sources */ = {
			isa = PBXSourcesBuildPhase;
			buildActionMask = 2147483647;
			files = (
				51CD0F8629C22703000DB960 /* SwiftUICombineAndDataUITestsLaunchTests.swift in Sources */,
				51CD0F8429C22703000DB960 /* SwiftUICombineAndDataUITests.swift in Sources */,
			);
			runOnlyForDeploymentPostprocessing = 0;
		};
/* End PBXSourcesBuildPhase section */

/* Begin PBXTargetDependency section */
		51CD0F7729C22703000DB960 /* PBXTargetDependency */ = {
			isa = PBXTargetDependency;
			target = 51CD0F6429C22701000DB960 /* SwiftUICombineAndData */;
			targetProxy = 51CD0F7629C22703000DB960 /* PBXContainerItemProxy */;
		};
		51CD0F8129C22703000DB960 /* PBXTargetDependency */ = {
			isa = PBXTargetDependency;
			target = 51CD0F6429C22701000DB960 /* SwiftUICombineAndData */;
			targetProxy = 51CD0F8029C22703000DB960 /* PBXContainerItemProxy */;
		};
/* End PBXTargetDependency section */

/* Begin XCBuildConfiguration section */
		51CD0F8729C22703000DB960 /* Debug */ = {
			isa = XCBuildConfiguration;
			buildSettings = {
				ALWAYS_SEARCH_USER_PATHS = NO;
				CLANG_ANALYZER_NONNULL = YES;
				CLANG_ANALYZER_NUMBER_OBJECT_CONVERSION = YES_AGGRESSIVE;
				CLANG_CXX_LANGUAGE_STANDARD = "gnu++20";
				CLANG_ENABLE_MODULES = YES;
				CLANG_ENABLE_OBJC_ARC = YES;
				CLANG_ENABLE_OBJC_WEAK = YES;
				CLANG_WARN_BLOCK_CAPTURE_AUTORELEASING = YES;
				CLANG_WARN_BOOL_CONVERSION = YES;
				CLANG_WARN_COMMA = YES;
				CLANG_WARN_CONSTANT_CONVERSION = YES;
				CLANG_WARN_DEPRECATED_OBJC_IMPLEMENTATIONS = YES;
				CLANG_WARN_DIRECT_OBJC_ISA_USAGE = YES_ERROR;
				CLANG_WARN_DOCUMENTATION_COMMENTS = YES;
				CLANG_WARN_EMPTY_BODY = YES;
				CLANG_WARN_ENUM_CONVERSION = YES;
				CLANG_WARN_INFINITE_RECURSION = YES;
				CLANG_WARN_INT_CONVERSION = YES;
				CLANG_WARN_NON_LITERAL_NULL_CONVERSION = YES;
				CLANG_WARN_OBJC_IMPLICIT_RETAIN_SELF = YES;
				CLANG_WARN_OBJC_LITERAL_CONVERSION = YES;
				CLANG_WARN_OBJC_ROOT_CLASS = YES_ERROR;
				CLANG_WARN_QUOTED_INCLUDE_IN_FRAMEWORK_HEADER = YES;
				CLANG_WARN_RANGE_LOOP_ANALYSIS = YES;
				CLANG_WARN_STRICT_PROTOTYPES = YES;
				CLANG_WARN_SUSPICIOUS_MOVE = YES;
				CLANG_WARN_UNGUARDED_AVAILABILITY = YES_AGGRESSIVE;
				CLANG_WARN_UNREACHABLE_CODE = YES;
				CLANG_WARN__DUPLICATE_METHOD_MATCH = YES;
				COPY_PHASE_STRIP = NO;
				DEBUG_INFORMATION_FORMAT = dwarf;
				ENABLE_STRICT_OBJC_MSGSEND = YES;
				ENABLE_TESTABILITY = YES;
				GCC_C_LANGUAGE_STANDARD = gnu11;
				GCC_DYNAMIC_NO_PIC = NO;
				GCC_NO_COMMON_BLOCKS = YES;
				GCC_OPTIMIZATION_LEVEL = 0;
				GCC_PREPROCESSOR_DEFINITIONS = (
					"DEBUG=1",
					"$(inherited)",
				);
				GCC_WARN_64_TO_32_BIT_CONVERSION = YES;
				GCC_WARN_ABOUT_RETURN_TYPE = YES_ERROR;
				GCC_WARN_UNDECLARED_SELECTOR = YES;
				GCC_WARN_UNINITIALIZED_AUTOS = YES_AGGRESSIVE;
				GCC_WARN_UNUSED_FUNCTION = YES;
				GCC_WARN_UNUSED_VARIABLE = YES;
				IPHONEOS_DEPLOYMENT_TARGET = 16.2;
				MTL_ENABLE_DEBUG_INFO = INCLUDE_SOURCE;
				MTL_FAST_MATH = YES;
				ONLY_ACTIVE_ARCH = YES;
				SDKROOT = iphoneos;
				SWIFT_ACTIVE_COMPILATION_CONDITIONS = DEBUG;
				SWIFT_OPTIMIZATION_LEVEL = "-Onone";
			};
			name = Debug;
		};
		51CD0F8829C22703000DB960 /* Release */ = {
			isa = XCBuildConfiguration;
			buildSettings = {
				ALWAYS_SEARCH_USER_PATHS = NO;
				CLANG_ANALYZER_NONNULL = YES;
				CLANG_ANALYZER_NUMBER_OBJECT_CONVERSION = YES_AGGRESSIVE;
				CLANG_CXX_LANGUAGE_STANDARD = "gnu++20";
				CLANG_ENABLE_MODULES = YES;
				CLANG_ENABLE_OBJC_ARC = YES;
				CLANG_ENABLE_OBJC_WEAK = YES;
				CLANG_WARN_BLOCK_CAPTURE_AUTORELEASING = YES;
				CLANG_WARN_BOOL_CONVERSION = YES;
				CLANG_WARN_COMMA = YES;
				CLANG_WARN_CONSTANT_CONVERSION = YES;
				CLANG_WARN_DEPRECATED_OBJC_IMPLEMENTATIONS = YES;
				CLANG_WARN_DIRECT_OBJC_ISA_USAGE = YES_ERROR;
				CLANG_WARN_DOCUMENTATION_COMMENTS = YES;
				CLANG_WARN_EMPTY_BODY = YES;
				CLANG_WARN_ENUM_CONVERSION = YES;
				CLANG_WARN_INFINITE_RECURSION = YES;
				CLANG_WARN_INT_CONVERSION = YES;
				CLANG_WARN_NON_LITERAL_NULL_CONVERSION = YES;
				CLANG_WARN_OBJC_IMPLICIT_RETAIN_SELF = YES;
				CLANG_WARN_OBJC_LITERAL_CONVERSION = YES;
				CLANG_WARN_OBJC_ROOT_CLASS = YES_ERROR;
				CLANG_WARN_QUOTED_INCLUDE_IN_FRAMEWORK_HEADER = YES;
				CLANG_WARN_RANGE_LOOP_ANALYSIS = YES;
				CLANG_WARN_STRICT_PROTOTYPES = YES;
				CLANG_WARN_SUSPICIOUS_MOVE = YES;
				CLANG_WARN_UNGUARDED_AVAILABILITY = YES_AGGRESSIVE;
				CLANG_WARN_UNREACHABLE_CODE = YES;
				CLANG_WARN__DUPLICATE_METHOD_MATCH = YES;
				COPY_PHASE_STRIP = NO;
				DEBUG_INFORMATION_FORMAT = "dwarf-with-dsym";
				ENABLE_NS_ASSERTIONS = NO;
				ENABLE_STRICT_OBJC_MSGSEND = YES;
				GCC_C_LANGUAGE_STANDARD = gnu11;
				GCC_NO_COMMON_BLOCKS = YES;
				GCC_WARN_64_TO_32_BIT_CONVERSION = YES;
				GCC_WARN_ABOUT_RETURN_TYPE = YES_ERROR;
				GCC_WARN_UNDECLARED_SELECTOR = YES;
				GCC_WARN_UNINITIALIZED_AUTOS = YES_AGGRESSIVE;
				GCC_WARN_UNUSED_FUNCTION = YES;
				GCC_WARN_UNUSED_VARIABLE = YES;
				IPHONEOS_DEPLOYMENT_TARGET = 16.2;
				MTL_ENABLE_DEBUG_INFO = NO;
				MTL_FAST_MATH = YES;
				SDKROOT = iphoneos;
				SWIFT_COMPILATION_MODE = wholemodule;
				SWIFT_OPTIMIZATION_LEVEL = "-O";
				VALIDATE_PRODUCT = YES;
			};
			name = Release;
		};
		51CD0F8A29C22703000DB960 /* Debug */ = {
			isa = XCBuildConfiguration;
			buildSettings = {
				ASSETCATALOG_COMPILER_APPICON_NAME = AppIcon;
				ASSETCATALOG_COMPILER_GLOBAL_ACCENT_COLOR_NAME = AccentColor;
				CODE_SIGN_STYLE = Automatic;
				CURRENT_PROJECT_VERSION = 1;
				DEVELOPMENT_ASSET_PATHS = "\"SwiftUICombineAndData/Preview Content\"";
				DEVELOPMENT_TEAM = 526URZ72RD;
				ENABLE_PREVIEWS = YES;
				GENERATE_INFOPLIST_FILE = YES;
				INFOPLIST_KEY_UIApplicationSceneManifest_Generation = YES;
				INFOPLIST_KEY_UIApplicationSupportsIndirectInputEvents = YES;
				INFOPLIST_KEY_UILaunchScreen_Generation = YES;
				INFOPLIST_KEY_UISupportedInterfaceOrientations_iPad = "UIInterfaceOrientationPortrait UIInterfaceOrientationPortraitUpsideDown UIInterfaceOrientationLandscapeLeft UIInterfaceOrientationLandscapeRight";
				INFOPLIST_KEY_UISupportedInterfaceOrientations_iPhone = "UIInterfaceOrientationPortrait UIInterfaceOrientationLandscapeLeft UIInterfaceOrientationLandscapeRight";
				LD_RUNPATH_SEARCH_PATHS = (
					"$(inherited)",
					"@executable_path/Frameworks",
				);
				MARKETING_VERSION = 1.0;
				PRODUCT_BUNDLE_IDENTIFIER = novicapetrovic.SwiftUICombineAndData;
				PRODUCT_NAME = "$(TARGET_NAME)";
				SWIFT_EMIT_LOC_STRINGS = YES;
				SWIFT_VERSION = 5.0;
				TARGETED_DEVICE_FAMILY = "1,2";
			};
			name = Debug;
		};
		51CD0F8B29C22703000DB960 /* Release */ = {
			isa = XCBuildConfiguration;
			buildSettings = {
				ASSETCATALOG_COMPILER_APPICON_NAME = AppIcon;
				ASSETCATALOG_COMPILER_GLOBAL_ACCENT_COLOR_NAME = AccentColor;
				CODE_SIGN_STYLE = Automatic;
				CURRENT_PROJECT_VERSION = 1;
				DEVELOPMENT_ASSET_PATHS = "\"SwiftUICombineAndData/Preview Content\"";
				DEVELOPMENT_TEAM = 526URZ72RD;
				ENABLE_PREVIEWS = YES;
				GENERATE_INFOPLIST_FILE = YES;
				INFOPLIST_KEY_UIApplicationSceneManifest_Generation = YES;
				INFOPLIST_KEY_UIApplicationSupportsIndirectInputEvents = YES;
				INFOPLIST_KEY_UILaunchScreen_Generation = YES;
				INFOPLIST_KEY_UISupportedInterfaceOrientations_iPad = "UIInterfaceOrientationPortrait UIInterfaceOrientationPortraitUpsideDown UIInterfaceOrientationLandscapeLeft UIInterfaceOrientationLandscapeRight";
				INFOPLIST_KEY_UISupportedInterfaceOrientations_iPhone = "UIInterfaceOrientationPortrait UIInterfaceOrientationLandscapeLeft UIInterfaceOrientationLandscapeRight";
				LD_RUNPATH_SEARCH_PATHS = (
					"$(inherited)",
					"@executable_path/Frameworks",
				);
				MARKETING_VERSION = 1.0;
				PRODUCT_BUNDLE_IDENTIFIER = novicapetrovic.SwiftUICombineAndData;
				PRODUCT_NAME = "$(TARGET_NAME)";
				SWIFT_EMIT_LOC_STRINGS = YES;
				SWIFT_VERSION = 5.0;
				TARGETED_DEVICE_FAMILY = "1,2";
			};
			name = Release;
		};
		51CD0F8D29C22703000DB960 /* Debug */ = {
			isa = XCBuildConfiguration;
			buildSettings = {
				ALWAYS_EMBED_SWIFT_STANDARD_LIBRARIES = YES;
				BUNDLE_LOADER = "$(TEST_HOST)";
				CODE_SIGN_STYLE = Automatic;
				CURRENT_PROJECT_VERSION = 1;
				DEVELOPMENT_TEAM = 526URZ72RD;
				GENERATE_INFOPLIST_FILE = YES;
				IPHONEOS_DEPLOYMENT_TARGET = 16.2;
				MARKETING_VERSION = 1.0;
				PRODUCT_BUNDLE_IDENTIFIER = novicapetrovic.SwiftUICombineAndDataTests;
				PRODUCT_NAME = "$(TARGET_NAME)";
				SWIFT_EMIT_LOC_STRINGS = NO;
				SWIFT_VERSION = 5.0;
				TARGETED_DEVICE_FAMILY = "1,2";
				TEST_HOST = "$(BUILT_PRODUCTS_DIR)/SwiftUICombineAndData.app/$(BUNDLE_EXECUTABLE_FOLDER_PATH)/SwiftUICombineAndData";
			};
			name = Debug;
		};
		51CD0F8E29C22703000DB960 /* Release */ = {
			isa = XCBuildConfiguration;
			buildSettings = {
				ALWAYS_EMBED_SWIFT_STANDARD_LIBRARIES = YES;
				BUNDLE_LOADER = "$(TEST_HOST)";
				CODE_SIGN_STYLE = Automatic;
				CURRENT_PROJECT_VERSION = 1;
				DEVELOPMENT_TEAM = 526URZ72RD;
				GENERATE_INFOPLIST_FILE = YES;
				IPHONEOS_DEPLOYMENT_TARGET = 16.2;
				MARKETING_VERSION = 1.0;
				PRODUCT_BUNDLE_IDENTIFIER = novicapetrovic.SwiftUICombineAndDataTests;
				PRODUCT_NAME = "$(TARGET_NAME)";
				SWIFT_EMIT_LOC_STRINGS = NO;
				SWIFT_VERSION = 5.0;
				TARGETED_DEVICE_FAMILY = "1,2";
				TEST_HOST = "$(BUILT_PRODUCTS_DIR)/SwiftUICombineAndData.app/$(BUNDLE_EXECUTABLE_FOLDER_PATH)/SwiftUICombineAndData";
			};
			name = Release;
		};
		51CD0F9029C22703000DB960 /* Debug */ = {
			isa = XCBuildConfiguration;
			buildSettings = {
				ALWAYS_EMBED_SWIFT_STANDARD_LIBRARIES = YES;
				CODE_SIGN_STYLE = Automatic;
				CURRENT_PROJECT_VERSION = 1;
				DEVELOPMENT_TEAM = 526URZ72RD;
				GENERATE_INFOPLIST_FILE = YES;
				MARKETING_VERSION = 1.0;
				PRODUCT_BUNDLE_IDENTIFIER = novicapetrovic.SwiftUICombineAndDataUITests;
				PRODUCT_NAME = "$(TARGET_NAME)";
				SWIFT_EMIT_LOC_STRINGS = NO;
				SWIFT_VERSION = 5.0;
				TARGETED_DEVICE_FAMILY = "1,2";
				TEST_TARGET_NAME = SwiftUICombineAndData;
			};
			name = Debug;
		};
		51CD0F9129C22703000DB960 /* Release */ = {
			isa = XCBuildConfiguration;
			buildSettings = {
				ALWAYS_EMBED_SWIFT_STANDARD_LIBRARIES = YES;
				CODE_SIGN_STYLE = Automatic;
				CURRENT_PROJECT_VERSION = 1;
				DEVELOPMENT_TEAM = 526URZ72RD;
				GENERATE_INFOPLIST_FILE = YES;
				MARKETING_VERSION = 1.0;
				PRODUCT_BUNDLE_IDENTIFIER = novicapetrovic.SwiftUICombineAndDataUITests;
				PRODUCT_NAME = "$(TARGET_NAME)";
				SWIFT_EMIT_LOC_STRINGS = NO;
				SWIFT_VERSION = 5.0;
				TARGETED_DEVICE_FAMILY = "1,2";
				TEST_TARGET_NAME = SwiftUICombineAndData;
			};
			name = Release;
		};
/* End XCBuildConfiguration section */

/* Begin XCConfigurationList section */
		51CD0F6029C22701000DB960 /* Build configuration list for PBXProject "SwiftUICombineAndData" */ = {
			isa = XCConfigurationList;
			buildConfigurations = (
				51CD0F8729C22703000DB960 /* Debug */,
				51CD0F8829C22703000DB960 /* Release */,
			);
			defaultConfigurationIsVisible = 0;
			defaultConfigurationName = Release;
		};
		51CD0F8929C22703000DB960 /* Build configuration list for PBXNativeTarget "SwiftUICombineAndData" */ = {
			isa = XCConfigurationList;
			buildConfigurations = (
				51CD0F8A29C22703000DB960 /* Debug */,
				51CD0F8B29C22703000DB960 /* Release */,
			);
			defaultConfigurationIsVisible = 0;
			defaultConfigurationName = Release;
		};
		51CD0F8C29C22703000DB960 /* Build configuration list for PBXNativeTarget "SwiftUICombineAndDataTests" */ = {
			isa = XCConfigurationList;
			buildConfigurations = (
				51CD0F8D29C22703000DB960 /* Debug */,
				51CD0F8E29C22703000DB960 /* Release */,
			);
			defaultConfigurationIsVisible = 0;
			defaultConfigurationName = Release;
		};
		51CD0F8F29C22703000DB960 /* Build configuration list for PBXNativeTarget "SwiftUICombineAndDataUITests" */ = {
			isa = XCConfigurationList;
			buildConfigurations = (
				51CD0F9029C22703000DB960 /* Debug */,
				51CD0F9129C22703000DB960 /* Release */,
			);
			defaultConfigurationIsVisible = 0;
			defaultConfigurationName = Release;
		};
/* End XCConfigurationList section */
	};
	rootObject = 51CD0F5D29C22701000DB960 /* Project object */;
}
